// !$*UTF8*$!
{
	archiveVersion = 1;
	classes = {
	};
	objectVersion = 46;
	objects = {

/* Begin PBXBuildFile section */
		AC0C79D01E4EF1AA00196449 /* SideMenu.swift in Sources */ = {isa = PBXBuildFile; fileRef = AC0C79CF1E4EF1AA00196449 /* SideMenu.swift */; };
		AC3C4B9E1E2D8BED00207562 /* extraFuncs.swift in Sources */ = {isa = PBXBuildFile; fileRef = AC3C4B9D1E2D8BED00207562 /* extraFuncs.swift */; };
		AC3CD9231E200EB800800062 /* AppDelegate.swift in Sources */ = {isa = PBXBuildFile; fileRef = AC3CD9221E200EB800800062 /* AppDelegate.swift */; };
		AC3CD9271E200EB800800062 /* GameScene.swift in Sources */ = {isa = PBXBuildFile; fileRef = AC3CD9261E200EB800800062 /* GameScene.swift */; };
		AC3CD9291E200EB800800062 /* GameViewController.swift in Sources */ = {isa = PBXBuildFile; fileRef = AC3CD9281E200EB800800062 /* GameViewController.swift */; };
		AC3CD92C1E200EB800800062 /* Main.storyboard in Resources */ = {isa = PBXBuildFile; fileRef = AC3CD92A1E200EB800800062 /* Main.storyboard */; };
		AC3CD92E1E200EB800800062 /* Assets.xcassets in Resources */ = {isa = PBXBuildFile; fileRef = AC3CD92D1E200EB800800062 /* Assets.xcassets */; };
		AC3CD9311E200EB800800062 /* LaunchScreen.storyboard in Resources */ = {isa = PBXBuildFile; fileRef = AC3CD92F1E200EB800800062 /* LaunchScreen.storyboard */; };
		AC3CD93C1E200EB900800062 /* SortAlotTests.swift in Sources */ = {isa = PBXBuildFile; fileRef = AC3CD93B1E200EB900800062 /* SortAlotTests.swift */; };
		AC939BB81E56B92F00FCDB85 /* GameTracking.swift in Sources */ = {isa = PBXBuildFile; fileRef = AC939BB71E56B92F00FCDB85 /* GameTracking.swift */; };
		ACA3D2981E2C9222002074BB /* Shapes.swift in Sources */ = {isa = PBXBuildFile; fileRef = ACA3D2971E2C9222002074BB /* Shapes.swift */; };
		ACA4B88D1E316DDA001C329D /* GamePanel.swift in Sources */ = {isa = PBXBuildFile; fileRef = ACA4B88C1E316DDA001C329D /* GamePanel.swift */; };
/* End PBXBuildFile section */

/* Begin PBXContainerItemProxy section */
		AC3CD9381E200EB900800062 /* PBXContainerItemProxy */ = {
			isa = PBXContainerItemProxy;
			containerPortal = AC3CD9171E200EB800800062 /* Project object */;
			proxyType = 1;
			remoteGlobalIDString = AC3CD91E1E200EB800800062;
			remoteInfo = SortAlot;
		};
/* End PBXContainerItemProxy section */

/* Begin PBXFileReference section */
		AC0C79CF1E4EF1AA00196449 /* SideMenu.swift */ = {isa = PBXFileReference; fileEncoding = 4; lastKnownFileType = sourcecode.swift; path = SideMenu.swift; sourceTree = "<group>"; };
		AC3C4B9D1E2D8BED00207562 /* extraFuncs.swift */ = {isa = PBXFileReference; fileEncoding = 4; lastKnownFileType = sourcecode.swift; path = extraFuncs.swift; sourceTree = "<group>"; };
		AC3CD91F1E200EB800800062 /* SortAlot.app */ = {isa = PBXFileReference; explicitFileType = wrapper.application; includeInIndex = 0; path = SortAlot.app; sourceTree = BUILT_PRODUCTS_DIR; };
		AC3CD9221E200EB800800062 /* AppDelegate.swift */ = {isa = PBXFileReference; lastKnownFileType = sourcecode.swift; path = AppDelegate.swift; sourceTree = "<group>"; };
		AC3CD9261E200EB800800062 /* GameScene.swift */ = {isa = PBXFileReference; lastKnownFileType = sourcecode.swift; path = GameScene.swift; sourceTree = "<group>"; };
		AC3CD9281E200EB800800062 /* GameViewController.swift */ = {isa = PBXFileReference; lastKnownFileType = sourcecode.swift; path = GameViewController.swift; sourceTree = "<group>"; };
		AC3CD92B1E200EB800800062 /* Base */ = {isa = PBXFileReference; lastKnownFileType = file.storyboard; name = Base; path = Base.lproj/Main.storyboard; sourceTree = "<group>"; };
		AC3CD92D1E200EB800800062 /* Assets.xcassets */ = {isa = PBXFileReference; lastKnownFileType = folder.assetcatalog; path = Assets.xcassets; sourceTree = "<group>"; };
		AC3CD9301E200EB800800062 /* Base */ = {isa = PBXFileReference; lastKnownFileType = file.storyboard; name = Base; path = Base.lproj/LaunchScreen.storyboard; sourceTree = "<group>"; };
		AC3CD9321E200EB800800062 /* Info.plist */ = {isa = PBXFileReference; lastKnownFileType = text.plist.xml; path = Info.plist; sourceTree = "<group>"; };
		AC3CD9371E200EB900800062 /* SortAlotTests.xctest */ = {isa = PBXFileReference; explicitFileType = wrapper.cfbundle; includeInIndex = 0; path = SortAlotTests.xctest; sourceTree = BUILT_PRODUCTS_DIR; };
		AC3CD93B1E200EB900800062 /* SortAlotTests.swift */ = {isa = PBXFileReference; lastKnownFileType = sourcecode.swift; path = SortAlotTests.swift; sourceTree = "<group>"; };
		AC3CD93D1E200EB900800062 /* Info.plist */ = {isa = PBXFileReference; lastKnownFileType = text.plist.xml; path = Info.plist; sourceTree = "<group>"; };
		AC939BB71E56B92F00FCDB85 /* GameTracking.swift */ = {isa = PBXFileReference; fileEncoding = 4; lastKnownFileType = sourcecode.swift; path = GameTracking.swift; sourceTree = "<group>"; };
		ACA3D2971E2C9222002074BB /* Shapes.swift */ = {isa = PBXFileReference; fileEncoding = 4; lastKnownFileType = sourcecode.swift; path = Shapes.swift; sourceTree = "<group>"; };
		ACA4B88C1E316DDA001C329D /* GamePanel.swift */ = {isa = PBXFileReference; fileEncoding = 4; lastKnownFileType = sourcecode.swift; path = GamePanel.swift; sourceTree = "<group>"; };
/* End PBXFileReference section */

/* Begin PBXFrameworksBuildPhase section */
		AC3CD91C1E200EB800800062 /* Frameworks */ = {
			isa = PBXFrameworksBuildPhase;
			buildActionMask = 2147483647;
			files = (
			);
			runOnlyForDeploymentPostprocessing = 0;
		};
		AC3CD9341E200EB900800062 /* Frameworks */ = {
			isa = PBXFrameworksBuildPhase;
			buildActionMask = 2147483647;
			files = (
			);
			runOnlyForDeploymentPostprocessing = 0;
		};
/* End PBXFrameworksBuildPhase section */

/* Begin PBXGroup section */
		AC3CD9161E200EB800800062 = {
			isa = PBXGroup;
			children = (
				AC3CD9211E200EB800800062 /* SortAlot */,
				AC3CD93A1E200EB900800062 /* SortAlotTests */,
				AC3CD9201E200EB800800062 /* Products */,
			);
			sourceTree = "<group>";
		};
		AC3CD9201E200EB800800062 /* Products */ = {
			isa = PBXGroup;
			children = (
				AC3CD91F1E200EB800800062 /* SortAlot.app */,
				AC3CD9371E200EB900800062 /* SortAlotTests.xctest */,
			);
			name = Products;
			sourceTree = "<group>";
		};
		AC3CD9211E200EB800800062 /* SortAlot */ = {
			isa = PBXGroup;
			children = (
				AC3CD9221E200EB800800062 /* AppDelegate.swift */,
				AC3CD9261E200EB800800062 /* GameScene.swift */,
				AC3CD9281E200EB800800062 /* GameViewController.swift */,
				ACA3D2971E2C9222002074BB /* Shapes.swift */,
				ACA4B88C1E316DDA001C329D /* GamePanel.swift */,
				AC0C79CF1E4EF1AA00196449 /* SideMenu.swift */,
				AC939BB71E56B92F00FCDB85 /* GameTracking.swift */,
				AC3CD92A1E200EB800800062 /* Main.storyboard */,
				AC3CD92D1E200EB800800062 /* Assets.xcassets */,
				AC3CD92F1E200EB800800062 /* LaunchScreen.storyboard */,
				AC3CD9321E200EB800800062 /* Info.plist */,
				AC3C4B9D1E2D8BED00207562 /* extraFuncs.swift */,
			);
			path = SortAlot;
			sourceTree = "<group>";
		};
		AC3CD93A1E200EB900800062 /* SortAlotTests */ = {
			isa = PBXGroup;
			children = (
				AC3CD93B1E200EB900800062 /* SortAlotTests.swift */,
				AC3CD93D1E200EB900800062 /* Info.plist */,
			);
			path = SortAlotTests;
			sourceTree = "<group>";
		};
/* End PBXGroup section */

/* Begin PBXNativeTarget section */
		AC3CD91E1E200EB800800062 /* SortAlot */ = {
			isa = PBXNativeTarget;
			buildConfigurationList = AC3CD9401E200EB900800062 /* Build configuration list for PBXNativeTarget "SortAlot" */;
			buildPhases = (
				AC3CD91B1E200EB800800062 /* Sources */,
				AC3CD91C1E200EB800800062 /* Frameworks */,
				AC3CD91D1E200EB800800062 /* Resources */,
			);
			buildRules = (
			);
			dependencies = (
			);
			name = SortAlot;
			productName = SortAlot;
			productReference = AC3CD91F1E200EB800800062 /* SortAlot.app */;
			productType = "com.apple.product-type.application";
		};
		AC3CD9361E200EB900800062 /* SortAlotTests */ = {
			isa = PBXNativeTarget;
			buildConfigurationList = AC3CD9431E200EB900800062 /* Build configuration list for PBXNativeTarget "SortAlotTests" */;
			buildPhases = (
				AC3CD9331E200EB900800062 /* Sources */,
				AC3CD9341E200EB900800062 /* Frameworks */,
				AC3CD9351E200EB900800062 /* Resources */,
			);
			buildRules = (
			);
			dependencies = (
				AC3CD9391E200EB900800062 /* PBXTargetDependency */,
			);
			name = SortAlotTests;
			productName = SortAlotTests;
			productReference = AC3CD9371E200EB900800062 /* SortAlotTests.xctest */;
			productType = "com.apple.product-type.bundle.unit-test";
		};
/* End PBXNativeTarget section */

/* Begin PBXProject section */
		AC3CD9171E200EB800800062 /* Project object */ = {
			isa = PBXProject;
			attributes = {
				LastSwiftUpdateCheck = 0730;
				LastUpgradeCheck = 0820;
				ORGANIZATIONNAME = "ben blue";
				TargetAttributes = {
					AC3CD91E1E200EB800800062 = {
						CreatedOnToolsVersion = 7.3;
						DevelopmentTeam = AD327E28HD;
						LastSwiftMigration = 0820;
					};
					AC3CD9361E200EB900800062 = {
						CreatedOnToolsVersion = 7.3;
						LastSwiftMigration = 0820;
						TestTargetID = AC3CD91E1E200EB800800062;
					};
				};
			};
			buildConfigurationList = AC3CD91A1E200EB800800062 /* Build configuration list for PBXProject "SortAlot" */;
			compatibilityVersion = "Xcode 3.2";
			developmentRegion = English;
			hasScannedForEncodings = 0;
			knownRegions = (
				en,
				Base,
			);
			mainGroup = AC3CD9161E200EB800800062;
			productRefGroup = AC3CD9201E200EB800800062 /* Products */;
			projectDirPath = "";
			projectRoot = "";
			targets = (
				AC3CD91E1E200EB800800062 /* SortAlot */,
				AC3CD9361E200EB900800062 /* SortAlotTests */,
			);
		};
/* End PBXProject section */

/* Begin PBXResourcesBuildPhase section */
		AC3CD91D1E200EB800800062 /* Resources */ = {
			isa = PBXResourcesBuildPhase;
			buildActionMask = 2147483647;
			files = (
				AC3CD9311E200EB800800062 /* LaunchScreen.storyboard in Resources */,
				AC3CD92E1E200EB800800062 /* Assets.xcassets in Resources */,
				AC3CD92C1E200EB800800062 /* Main.storyboard in Resources */,
			);
			runOnlyForDeploymentPostprocessing = 0;
		};
		AC3CD9351E200EB900800062 /* Resources */ = {
			isa = PBXResourcesBuildPhase;
			buildActionMask = 2147483647;
			files = (
			);
			runOnlyForDeploymentPostprocessing = 0;
		};
/* End PBXResourcesBuildPhase section */

/* Begin PBXSourcesBuildPhase section */
		AC3CD91B1E200EB800800062 /* Sources */ = {
			isa = PBXSourcesBuildPhase;
			buildActionMask = 2147483647;
			files = (
				AC3C4B9E1E2D8BED00207562 /* extraFuncs.swift in Sources */,
				AC3CD9271E200EB800800062 /* GameScene.swift in Sources */,
				AC939BB81E56B92F00FCDB85 /* GameTracking.swift in Sources */,
				AC3CD9291E200EB800800062 /* GameViewController.swift in Sources */,
				AC3CD9231E200EB800800062 /* AppDelegate.swift in Sources */,
				AC0C79D01E4EF1AA00196449 /* SideMenu.swift in Sources */,
				ACA4B88D1E316DDA001C329D /* GamePanel.swift in Sources */,
				ACA3D2981E2C9222002074BB /* Shapes.swift in Sources */,
			);
			runOnlyForDeploymentPostprocessing = 0;
		};
		AC3CD9331E200EB900800062 /* Sources */ = {
			isa = PBXSourcesBuildPhase;
			buildActionMask = 2147483647;
			files = (
				AC3CD93C1E200EB900800062 /* SortAlotTests.swift in Sources */,
			);
			runOnlyForDeploymentPostprocessing = 0;
		};
/* End PBXSourcesBuildPhase section */

/* Begin PBXTargetDependency section */
		AC3CD9391E200EB900800062 /* PBXTargetDependency */ = {
			isa = PBXTargetDependency;
			target = AC3CD91E1E200EB800800062 /* SortAlot */;
			targetProxy = AC3CD9381E200EB900800062 /* PBXContainerItemProxy */;
		};
/* End PBXTargetDependency section */

/* Begin PBXVariantGroup section */
		AC3CD92A1E200EB800800062 /* Main.storyboard */ = {
			isa = PBXVariantGroup;
			children = (
				AC3CD92B1E200EB800800062 /* Base */,
			);
			name = Main.storyboard;
			sourceTree = "<group>";
		};
		AC3CD92F1E200EB800800062 /* LaunchScreen.storyboard */ = {
			isa = PBXVariantGroup;
			children = (
				AC3CD9301E200EB800800062 /* Base */,
			);
			name = LaunchScreen.storyboard;
			sourceTree = "<group>";
		};
/* End PBXVariantGroup section */

/* Begin XCBuildConfiguration section */
		AC3CD93E1E200EB900800062 /* Debug */ = {
			isa = XCBuildConfiguration;
			buildSettings = {
				ALWAYS_SEARCH_USER_PATHS = NO;
				CLANG_ANALYZER_NONNULL = YES;
				CLANG_CXX_LANGUAGE_STANDARD = "gnu++0x";
				CLANG_CXX_LIBRARY = "libc++";
				CLANG_ENABLE_MODULES = YES;
				CLANG_ENABLE_OBJC_ARC = YES;
				CLANG_WARN_BOOL_CONVERSION = YES;
				CLANG_WARN_CONSTANT_CONVERSION = YES;
				CLANG_WARN_DIRECT_OBJC_ISA_USAGE = YES_ERROR;
				CLANG_WARN_EMPTY_BODY = YES;
				CLANG_WARN_ENUM_CONVERSION = YES;
				CLANG_WARN_INFINITE_RECURSION = YES;
				CLANG_WARN_INT_CONVERSION = YES;
				CLANG_WARN_OBJC_ROOT_CLASS = YES_ERROR;
				CLANG_WARN_SUSPICIOUS_MOVE = YES;
				CLANG_WARN_UNREACHABLE_CODE = YES;
				CLANG_WARN__DUPLICATE_METHOD_MATCH = YES;
				"CODE_SIGN_IDENTITY[sdk=iphoneos*]" = "iPhone Developer";
				COPY_PHASE_STRIP = NO;
				DEBUG_INFORMATION_FORMAT = "dwarf-with-dsym";
				ENABLE_STRICT_OBJC_MSGSEND = YES;
				ENABLE_TESTABILITY = YES;
				GCC_C_LANGUAGE_STANDARD = gnu99;
				GCC_DYNAMIC_NO_PIC = NO;
				GCC_NO_COMMON_BLOCKS = YES;
				GCC_OPTIMIZATION_LEVEL = 0;
				GCC_PREPROCESSOR_DEFINITIONS = (
					"DEBUG=1",
					"$(inherited)",
				);
				GCC_WARN_64_TO_32_BIT_CONVERSION = YES;
				GCC_WARN_ABOUT_RETURN_TYPE = YES_ERROR;
				GCC_WARN_UNDECLARED_SELECTOR = YES;
				GCC_WARN_UNINITIALIZED_AUTOS = YES_AGGRESSIVE;
				GCC_WARN_UNUSED_FUNCTION = YES;
				GCC_WARN_UNUSED_VARIABLE = YES;
				IPHONEOS_DEPLOYMENT_TARGET = 9.3;
				MTL_ENABLE_DEBUG_INFO = YES;
				ONLY_ACTIVE_ARCH = YES;
				SDKROOT = iphoneos;
				SWIFT_OPTIMIZATION_LEVEL = "-Onone";
				TARGETED_DEVICE_FAMILY = "1,2";
			};
			name = Debug;
		};
		AC3CD93F1E200EB900800062 /* Release */ = {
			isa = XCBuildConfiguration;
			buildSettings = {
				ALWAYS_SEARCH_USER_PATHS = NO;
				CLANG_ANALYZER_NONNULL = YES;
				CLANG_CXX_LANGUAGE_STANDARD = "gnu++0x";
				CLANG_CXX_LIBRARY = "libc++";
				CLANG_ENABLE_MODULES = YES;
				CLANG_ENABLE_OBJC_ARC = YES;
				CLANG_WARN_BOOL_CONVERSION = YES;
				CLANG_WARN_CONSTANT_CONVERSION = YES;
				CLANG_WARN_DIRECT_OBJC_ISA_USAGE = YES_ERROR;
				CLANG_WARN_EMPTY_BODY = YES;
				CLANG_WARN_ENUM_CONVERSION = YES;
				CLANG_WARN_INFINITE_RECURSION = YES;
				CLANG_WARN_INT_CONVERSION = YES;
				CLANG_WARN_OBJC_ROOT_CLASS = YES_ERROR;
				CLANG_WARN_SUSPICIOUS_MOVE = YES;
				CLANG_WARN_UNREACHABLE_CODE = YES;
				CLANG_WARN__DUPLICATE_METHOD_MATCH = YES;
				"CODE_SIGN_IDENTITY[sdk=iphoneos*]" = "iPhone Developer";
				COPY_PHASE_STRIP = NO;
				DEBUG_INFORMATION_FORMAT = "dwarf-with-dsym";
				ENABLE_NS_ASSERTIONS = NO;
				ENABLE_STRICT_OBJC_MSGSEND = YES;
				GCC_C_LANGUAGE_STANDARD = gnu99;
				GCC_NO_COMMON_BLOCKS = YES;
				GCC_WARN_64_TO_32_BIT_CONVERSION = YES;
				GCC_WARN_ABOUT_RETURN_TYPE = YES_ERROR;
				GCC_WARN_UNDECLARED_SELECTOR = YES;
				GCC_WARN_UNINITIALIZED_AUTOS = YES_AGGRESSIVE;
				GCC_WARN_UNUSED_FUNCTION = YES;
				GCC_WARN_UNUSED_VARIABLE = YES;
				IPHONEOS_DEPLOYMENT_TARGET = 9.3;
				MTL_ENABLE_DEBUG_INFO = NO;
				SDKROOT = iphoneos;
				SWIFT_OPTIMIZATION_LEVEL = "-Owholemodule";
				TARGETED_DEVICE_FAMILY = "1,2";
				VALIDATE_PRODUCT = YES;
			};
			name = Release;
		};
		AC3CD9411E200EB900800062 /* Debug */ = {
			isa = XCBuildConfiguration;
			buildSettings = {
				ASSETCATALOG_COMPILER_APPICON_NAME = AppIcon;
				CODE_SIGN_IDENTITY = "iPhone Developer";
				"CODE_SIGN_IDENTITY[sdk=iphoneos*]" = "iPhone Developer";
				INFOPLIST_FILE = SortAlot/Info.plist;
				LD_RUNPATH_SEARCH_PATHS = "$(inherited) @executable_path/Frameworks";
				PRODUCT_BUNDLE_IDENTIFIER = com.example.SortAlot;
				PRODUCT_NAME = "$(TARGET_NAME)";
				PROVISIONING_PROFILE = "";
				SWIFT_VERSION = 3.0;
				TARGETED_DEVICE_FAMILY = "1,2";
			};
			name = Debug;
		};
		AC3CD9421E200EB900800062 /* Release */ = {
			isa = XCBuildConfiguration;
			buildSettings = {
				ASSETCATALOG_COMPILER_APPICON_NAME = AppIcon;
				CODE_SIGN_IDENTITY = "iPhone Developer";
				"CODE_SIGN_IDENTITY[sdk=iphoneos*]" = "iPhone Developer";
				INFOPLIST_FILE = SortAlot/Info.plist;
				LD_RUNPATH_SEARCH_PATHS = "$(inherited) @executable_path/Frameworks";
				PRODUCT_BUNDLE_IDENTIFIER = com.example.SortAlot;
				PRODUCT_NAME = "$(TARGET_NAME)";
				PROVISIONING_PROFILE = "";
				SWIFT_VERSION = 3.0;
				TARGETED_DEVICE_FAMILY = "1,2";
			};
			name = Release;
		};
		AC3CD9441E200EB900800062 /* Debug */ = {
			isa = XCBuildConfiguration;
			buildSettings = {
				BUNDLE_LOADER = "$(TEST_HOST)";
				DEBUG_INFORMATION_FORMAT = dwarf;
				INFOPLIST_FILE = SortAlotTests/Info.plist;
				LD_RUNPATH_SEARCH_PATHS = "$(inherited) @executable_path/Frameworks @loader_path/Frameworks";
				PRODUCT_BUNDLE_IDENTIFIER = com.example.SortAlotTests;
				PRODUCT_NAME = "$(TARGET_NAME)";
				SWIFT_VERSION = 3.0;
				TEST_HOST = "$(BUILT_PRODUCTS_DIR)/SortAlot.app/SortAlot";
			};
			name = Debug;
		};
		AC3CD9451E200EB900800062 /* Release */ = {
			isa = XCBuildConfiguration;
			buildSettings = {
				BUNDLE_LOADER = "$(TEST_HOST)";
				INFOPLIST_FILE = SortAlotTests/Info.plist;
				LD_RUNPATH_SEARCH_PATHS = "$(inherited) @executable_path/Frameworks @loader_path/Frameworks";
				PRODUCT_BUNDLE_IDENTIFIER = com.example.SortAlotTests;
				PRODUCT_NAME = "$(TARGET_NAME)";
				SWIFT_VERSION = 3.0;
				TEST_HOST = "$(BUILT_PRODUCTS_DIR)/SortAlot.app/SortAlot";
			};
			name = Release;
		};
/* End XCBuildConfiguration section */

/* Begin XCConfigurationList section */
		AC3CD91A1E200EB800800062 /* Build configuration list for PBXProject "SortAlot" */ = {
			isa = XCConfigurationList;
			buildConfigurations = (
				AC3CD93E1E200EB900800062 /* Debug */,
				AC3CD93F1E200EB900800062 /* Release */,
			);
			defaultConfigurationIsVisible = 0;
			defaultConfigurationName = Release;
		};
		AC3CD9401E200EB900800062 /* Build configuration list for PBXNativeTarget "SortAlot" */ = {
			isa = XCConfigurationList;
			buildConfigurations = (
				AC3CD9411E200EB900800062 /* Debug */,
				AC3CD9421E200EB900800062 /* Release */,
			);
			defaultConfigurationIsVisible = 0;
			defaultConfigurationName = Release;
		};
		AC3CD9431E200EB900800062 /* Build configuration list for PBXNativeTarget "SortAlotTests" */ = {
			isa = XCConfigurationList;
			buildConfigurations = (
				AC3CD9441E200EB900800062 /* Debug */,
				AC3CD9451E200EB900800062 /* Release */,
			);
			defaultConfigurationIsVisible = 0;
			defaultConfigurationName = Release;
		};
/* End XCConfigurationList section */
	};
	rootObject = AC3CD9171E200EB800800062 /* Project object */;
}
